Microsoft Visual Studio Solution File, Format Version 12.00
# Visual Studio 2012
Project("{FAE04EC0-301F-11D3-BF4B-00C04F79EFBC}") = "Learnin", "Learnin.csproj", "{A1D87FBB-D2A8-485A-BBBC-4F67D0DBC6FF}"
EndProject
Global
	GlobalSection(SolutionConfigurationPlatforms) = preSolution
	Debug|Any CPU = Debug|Any CPU
	ExportDebug|Any CPU = ExportDebug|Any CPU
	ExportRelease|Any CPU = ExportRelease|Any CPU
	EndGlobalSection
	GlobalSection(ProjectConfigurationPlatforms) = postSolution
		{A1D87FBB-D2A8-485A-BBBC-4F67D0DBC6FF}.Debug|Any CPU.ActiveCfg = Debug|Any CPU
		{A1D87FBB-D2A8-485A-BBBC-4F67D0DBC6FF}.Debug|Any CPU.Build.0 = Debug|Any CPU
		{A1D87FBB-D2A8-485A-BBBC-4F67D0DBC6FF}.ExportDebug|Any CPU.ActiveCfg = ExportDebug|Any CPU
		{A1D87FBB-D2A8-485A-BBBC-4F67D0DBC6FF}.ExportDebug|Any CPU.Build.0 = ExportDebug|Any CPU
		{A1D87FBB-D2A8-485A-BBBC-4F67D0DBC6FF}.ExportRelease|Any CPU.ActiveCfg = ExportRelease|Any CPU
		{A1D87FBB-D2A8-485A-BBBC-4F67D0DBC6FF}.ExportRelease|Any CPU.Build.0 = ExportRelease|Any CPU
	EndGlobalSection
EndGlobal
